
Microsoft Visual Studio Solution File, Format Version 12.00
# Visual Studio Version 16
VisualStudioVersion = 16.0.31025.194
MinimumVisualStudioVersion = 10.0.40219.1
Project("{9A19103F-16F7-4668-BE54-9A1E7A4F7556}") = "SharpProject", "SharpProject.csproj", "{C6C8743C-E9F6-4F49-85FA-2CF07F7F0DC7}"
EndProject
Project("{6EC3EE1D-3C4E-46DD-8F32-0CC8E7565705}") = "HelloFsharp", "HelloFsharp\HelloFsharp.fsproj", "{287E6A29-A577-4BF1-B246-3C843BD4C99C}"
EndProject
Project("{9A19103F-16F7-4668-BE54-9A1E7A4F7556}") = "HelloQSharp", "HelloQSharp\HelloQSharp.csproj", "{9EE943A6-7167-4BF8-A3E7-96E74527BF0B}"
EndProject
Global
	GlobalSection(SolutionConfigurationPlatforms) = preSolution
		Debug|Any CPU = Debug|Any CPU
		Debug|x64 = Debug|x64
		Debug|x86 = Debug|x86
		Release|Any CPU = Release|Any CPU
		Release|x64 = Release|x64
		Release|x86 = Release|x86
	EndGlobalSection
	GlobalSection(ProjectConfigurationPlatforms) = postSolution
		{C6C8743C-E9F6-4F49-85FA-2CF07F7F0DC7}.Debug|Any CPU.ActiveCfg = Debug|Any CPU
		{C6C8743C-E9F6-4F49-85FA-2CF07F7F0DC7}.Debug|Any CPU.Build.0 = Debug|Any CPU
		{C6C8743C-E9F6-4F49-85FA-2CF07F7F0DC7}.Debug|x64.ActiveCfg = Debug|Any CPU
		{C6C8743C-E9F6-4F49-85FA-2CF07F7F0DC7}.Debug|x64.Build.0 = Debug|Any CPU
		{C6C8743C-E9F6-4F49-85FA-2CF07F7F0DC7}.Debug|x86.ActiveCfg = Debug|Any CPU
		{C6C8743C-E9F6-4F49-85FA-2CF07F7F0DC7}.Debug|x86.Build.0 = Debug|Any CPU
		{C6C8743C-E9F6-4F49-85FA-2CF07F7F0DC7}.Release|Any CPU.ActiveCfg = Release|Any CPU
		{C6C8743C-E9F6-4F49-85FA-2CF07F7F0DC7}.Release|Any CPU.Build.0 = Release|Any CPU
		{C6C8743C-E9F6-4F49-85FA-2CF07F7F0DC7}.Release|x64.ActiveCfg = Release|Any CPU
		{C6C8743C-E9F6-4F49-85FA-2CF07F7F0DC7}.Release|x64.Build.0 = Release|Any CPU
		{C6C8743C-E9F6-4F49-85FA-2CF07F7F0DC7}.Release|x86.ActiveCfg = Release|Any CPU
		{C6C8743C-E9F6-4F49-85FA-2CF07F7F0DC7}.Release|x86.Build.0 = Release|Any CPU
		{287E6A29-A577-4BF1-B246-3C843BD4C99C}.Debug|Any CPU.ActiveCfg = Debug|Any CPU
		{287E6A29-A577-4BF1-B246-3C843BD4C99C}.Debug|Any CPU.Build.0 = Debug|Any CPU
		{287E6A29-A577-4BF1-B246-3C843BD4C99C}.Debug|x64.ActiveCfg = Debug|Any CPU
		{287E6A29-A577-4BF1-B246-3C843BD4C99C}.Debug|x64.Build.0 = Debug|Any CPU
		{287E6A29-A577-4BF1-B246-3C843BD4C99C}.Debug|x86.ActiveCfg = Debug|Any CPU
		{287E6A29-A577-4BF1-B246-3C843BD4C99C}.Debug|x86.Build.0 = Debug|Any CPU
		{287E6A29-A577-4BF1-B246-3C843BD4C99C}.Release|Any CPU.ActiveCfg = Release|Any CPU
		{287E6A29-A577-4BF1-B246-3C843BD4C99C}.Release|Any CPU.Build.0 = Release|Any CPU
		{287E6A29-A577-4BF1-B246-3C843BD4C99C}.Release|x64.ActiveCfg = Release|Any CPU
		{287E6A29-A577-4BF1-B246-3C843BD4C99C}.Release|x64.Build.0 = Release|Any CPU
		{287E6A29-A577-4BF1-B246-3C843BD4C99C}.Release|x86.ActiveCfg = Release|Any CPU
		{287E6A29-A577-4BF1-B246-3C843BD4C99C}.Release|x86.Build.0 = Release|Any CPU
		{9EE943A6-7167-4BF8-A3E7-96E74527BF0B}.Debug|Any CPU.ActiveCfg = Debug|Any CPU
		{9EE943A6-7167-4BF8-A3E7-96E74527BF0B}.Debug|Any CPU.Build.0 = Debug|Any CPU
		{9EE943A6-7167-4BF8-A3E7-96E74527BF0B}.Debug|x64.ActiveCfg = Debug|Any CPU
		{9EE943A6-7167-4BF8-A3E7-96E74527BF0B}.Debug|x64.Build.0 = Debug|Any CPU
		{9EE943A6-7167-4BF8-A3E7-96E74527BF0B}.Debug|x86.ActiveCfg = Debug|Any CPU
		{9EE943A6-7167-4BF8-A3E7-96E74527BF0B}.Debug|x86.Build.0 = Debug|Any CPU
		{9EE943A6-7167-4BF8-A3E7-96E74527BF0B}.Release|Any CPU.ActiveCfg = Release|Any CPU
		{9EE943A6-7167-4BF8-A3E7-96E74527BF0B}.Release|Any CPU.Build.0 = Release|Any CPU
		{9EE943A6-7167-4BF8-A3E7-96E74527BF0B}.Release|x64.ActiveCfg = Release|Any CPU
		{9EE943A6-7167-4BF8-A3E7-96E74527BF0B}.Release|x64.Build.0 = Release|Any CPU
		{9EE943A6-7167-4BF8-A3E7-96E74527BF0B}.Release|x86.ActiveCfg = Release|Any CPU
		{9EE943A6-7167-4BF8-A3E7-96E74527BF0B}.Release|x86.Build.0 = Release|Any CPU
	EndGlobalSection
	GlobalSection(SolutionProperties) = preSolution
		HideSolutionNode = FALSE
	EndGlobalSection
	GlobalSection(ExtensibilityGlobals) = postSolution
		SolutionGuid = {AA81F452-AC16-401D-B1EA-3EB0D1598FB5}
	EndGlobalSection
EndGlobal
