
Microsoft Visual Studio Solution File, Format Version 12.00
# Visual Studio Version 16
VisualStudioVersion = 16.0.31025.194
MinimumVisualStudioVersion = 10.0.40219.1
Project("{9A19103F-16F7-4668-BE54-9A1E7A4F7556}") = "SharpProject", "SharpProject.csproj", "{C6C8743C-E9F6-4F49-85FA-2CF07F7F0DC7}"
EndProject
Project("{F2A71F9B-5D33-465A-A702-920D77279786}") = "HelloFsharp", "..\HelloFsharp\HelloFsharp.fsproj", "{FDF2F13E-9782-4373-9C61-A6D171E0AB65}"
EndProject
Project("{FAE04EC0-301F-11D3-BF4B-00C04F79EFBC}") = "HelloQSharp", "..\HelloQSharp\HelloQSharp.csproj", "{D8ECACA6-3CBD-421F-A841-579AACD5F056}"
EndProject
Global
	GlobalSection(SolutionConfigurationPlatforms) = preSolution
		Debug|Any CPU = Debug|Any CPU
		Debug|x64 = Debug|x64
		Debug|x86 = Debug|x86
		Release|Any CPU = Release|Any CPU
		Release|x64 = Release|x64
		Release|x86 = Release|x86
	EndGlobalSection
	GlobalSection(ProjectConfigurationPlatforms) = postSolution
		{C6C8743C-E9F6-4F49-85FA-2CF07F7F0DC7}.Debug|Any CPU.ActiveCfg = Debug|Any CPU
		{C6C8743C-E9F6-4F49-85FA-2CF07F7F0DC7}.Debug|Any CPU.Build.0 = Debug|Any CPU
		{C6C8743C-E9F6-4F49-85FA-2CF07F7F0DC7}.Debug|x64.ActiveCfg = Debug|Any CPU
		{C6C8743C-E9F6-4F49-85FA-2CF07F7F0DC7}.Debug|x64.Build.0 = Debug|Any CPU
		{C6C8743C-E9F6-4F49-85FA-2CF07F7F0DC7}.Debug|x86.ActiveCfg = Debug|Any CPU
		{C6C8743C-E9F6-4F49-85FA-2CF07F7F0DC7}.Debug|x86.Build.0 = Debug|Any CPU
		{C6C8743C-E9F6-4F49-85FA-2CF07F7F0DC7}.Release|Any CPU.ActiveCfg = Release|Any CPU
		{C6C8743C-E9F6-4F49-85FA-2CF07F7F0DC7}.Release|Any CPU.Build.0 = Release|Any CPU
		{C6C8743C-E9F6-4F49-85FA-2CF07F7F0DC7}.Release|x64.ActiveCfg = Release|Any CPU
		{C6C8743C-E9F6-4F49-85FA-2CF07F7F0DC7}.Release|x64.Build.0 = Release|Any CPU
		{C6C8743C-E9F6-4F49-85FA-2CF07F7F0DC7}.Release|x86.ActiveCfg = Release|Any CPU
		{C6C8743C-E9F6-4F49-85FA-2CF07F7F0DC7}.Release|x86.Build.0 = Release|Any CPU
		{FDF2F13E-9782-4373-9C61-A6D171E0AB65}.Debug|Any CPU.ActiveCfg = Debug|Any CPU
		{FDF2F13E-9782-4373-9C61-A6D171E0AB65}.Debug|Any CPU.Build.0 = Debug|Any CPU
		{FDF2F13E-9782-4373-9C61-A6D171E0AB65}.Debug|x64.ActiveCfg = Debug|Any CPU
		{FDF2F13E-9782-4373-9C61-A6D171E0AB65}.Debug|x64.Build.0 = Debug|Any CPU
		{FDF2F13E-9782-4373-9C61-A6D171E0AB65}.Debug|x86.ActiveCfg = Debug|Any CPU
		{FDF2F13E-9782-4373-9C61-A6D171E0AB65}.Debug|x86.Build.0 = Debug|Any CPU
		{FDF2F13E-9782-4373-9C61-A6D171E0AB65}.Release|Any CPU.ActiveCfg = Release|Any CPU
		{FDF2F13E-9782-4373-9C61-A6D171E0AB65}.Release|Any CPU.Build.0 = Release|Any CPU
		{FDF2F13E-9782-4373-9C61-A6D171E0AB65}.Release|x64.ActiveCfg = Release|Any CPU
		{FDF2F13E-9782-4373-9C61-A6D171E0AB65}.Release|x64.Build.0 = Release|Any CPU
		{FDF2F13E-9782-4373-9C61-A6D171E0AB65}.Release|x86.ActiveCfg = Release|Any CPU
		{FDF2F13E-9782-4373-9C61-A6D171E0AB65}.Release|x86.Build.0 = Release|Any CPU
		{D8ECACA6-3CBD-421F-A841-579AACD5F056}.Debug|Any CPU.ActiveCfg = Debug|Any CPU
		{D8ECACA6-3CBD-421F-A841-579AACD5F056}.Debug|Any CPU.Build.0 = Debug|Any CPU
		{D8ECACA6-3CBD-421F-A841-579AACD5F056}.Debug|x64.ActiveCfg = Debug|Any CPU
		{D8ECACA6-3CBD-421F-A841-579AACD5F056}.Debug|x64.Build.0 = Debug|Any CPU
		{D8ECACA6-3CBD-421F-A841-579AACD5F056}.Debug|x86.ActiveCfg = Debug|Any CPU
		{D8ECACA6-3CBD-421F-A841-579AACD5F056}.Debug|x86.Build.0 = Debug|Any CPU
		{D8ECACA6-3CBD-421F-A841-579AACD5F056}.Release|Any CPU.ActiveCfg = Release|Any CPU
		{D8ECACA6-3CBD-421F-A841-579AACD5F056}.Release|Any CPU.Build.0 = Release|Any CPU
		{D8ECACA6-3CBD-421F-A841-579AACD5F056}.Release|x64.ActiveCfg = Release|Any CPU
		{D8ECACA6-3CBD-421F-A841-579AACD5F056}.Release|x64.Build.0 = Release|Any CPU
		{D8ECACA6-3CBD-421F-A841-579AACD5F056}.Release|x86.ActiveCfg = Release|Any CPU
		{D8ECACA6-3CBD-421F-A841-579AACD5F056}.Release|x86.Build.0 = Release|Any CPU
	EndGlobalSection
	GlobalSection(SolutionProperties) = preSolution
		HideSolutionNode = FALSE
	EndGlobalSection
	GlobalSection(ExtensibilityGlobals) = postSolution
		SolutionGuid = {AA81F452-AC16-401D-B1EA-3EB0D1598FB5}
	EndGlobalSection
EndGlobal
